version: 2.0
shards:
  cluster_tools:
    git: https://github.com/cnf-testsuite/cluster_tools.git
    version: 1.0.0+git.commit.95cb3322dc20fd28d520b773e3a50aad6e6e4425

  docker_client:
    git: https://github.com/cnf-testsuite/docker_client.git
    version: 1.0.0

  kernel_introspection:
    git: https://github.com/cnf-testsuite/kernel_introspection.git
    version: 0.1.0

  kubectl_client:
    git: https://github.com/cnf-testsuite/kubectl_client.git
    version: 1.0.6+git.commit.0c2f05e759404a9a558b0c2e9f68ee4b34daeefa

  popcorn:
    git: https://github.com/icyleaf/popcorn.git
    version: 0.3.0

  totem:
    git: https://github.com/icyleaf/totem.git
    version: 0.7.0

